
Microsoft Visual Studio Solution File, Format Version 12.00
# Visual Studio 2013
VisualStudioVersion = 12.0.31101.0
MinimumVisualStudioVersion = 10.0.40219.1
Project("{262852C6-CD72-467D-83FE-5EEB1973A190}") = "MyApp.Web", "MyApp.Web\MyApp.Web.jsproj", "{F8E9087A-E3A7-4974-8FE7-2A081AEFECB9}"
EndProject
Global
	GlobalSection(SolutionConfigurationPlatforms) = preSolution
		Debug|Android = Debug|Android
		Debug|Any CPU = Debug|Any CPU
		Debug|iOS = Debug|iOS
		Debug|Mixed Platforms = Debug|Mixed Platforms
		Debug|Windows Phone (Universal) = Debug|Windows Phone (Universal)
		Debug|Windows Phone 8 = Debug|Windows Phone 8
		Debug|Windows-AnyCPU = Debug|Windows-AnyCPU
		Debug|Windows-ARM = Debug|Windows-ARM
		Debug|Windows-x64 = Debug|Windows-x64
		Debug|Windows-x86 = Debug|Windows-x86
		Distribution|Android = Distribution|Android
		Distribution|Any CPU = Distribution|Any CPU
		Distribution|iOS = Distribution|iOS
		Distribution|Mixed Platforms = Distribution|Mixed Platforms
		Distribution|Windows Phone (Universal) = Distribution|Windows Phone (Universal)
		Distribution|Windows Phone 8 = Distribution|Windows Phone 8
		Distribution|Windows-AnyCPU = Distribution|Windows-AnyCPU
		Distribution|Windows-ARM = Distribution|Windows-ARM
		Distribution|Windows-x64 = Distribution|Windows-x64
		Distribution|Windows-x86 = Distribution|Windows-x86
		Release|Android = Release|Android
		Release|Any CPU = Release|Any CPU
		Release|iOS = Release|iOS
		Release|Mixed Platforms = Release|Mixed Platforms
		Release|Windows Phone (Universal) = Release|Windows Phone (Universal)
		Release|Windows Phone 8 = Release|Windows Phone 8
		Release|Windows-AnyCPU = Release|Windows-AnyCPU
		Release|Windows-ARM = Release|Windows-ARM
		Release|Windows-x64 = Release|Windows-x64
		Release|Windows-x86 = Release|Windows-x86
	EndGlobalSection
	GlobalSection(ProjectConfigurationPlatforms) = postSolution
		{F8E9087A-E3A7-4974-8FE7-2A081AEFECB9}.Debug|Android.ActiveCfg = Debug|Android
		{F8E9087A-E3A7-4974-8FE7-2A081AEFECB9}.Debug|Android.Build.0 = Debug|Android
		{F8E9087A-E3A7-4974-8FE7-2A081AEFECB9}.Debug|Android.Deploy.0 = Debug|Android
		{F8E9087A-E3A7-4974-8FE7-2A081AEFECB9}.Debug|Any CPU.ActiveCfg = Debug|Android
		{F8E9087A-E3A7-4974-8FE7-2A081AEFECB9}.Debug|iOS.ActiveCfg = Debug|iOS
		{F8E9087A-E3A7-4974-8FE7-2A081AEFECB9}.Debug|iOS.Build.0 = Debug|iOS
		{F8E9087A-E3A7-4974-8FE7-2A081AEFECB9}.Debug|iOS.Deploy.0 = Debug|iOS
		{F8E9087A-E3A7-4974-8FE7-2A081AEFECB9}.Debug|Mixed Platforms.ActiveCfg = Debug|Android
		{F8E9087A-E3A7-4974-8FE7-2A081AEFECB9}.Debug|Mixed Platforms.Build.0 = Debug|Android
		{F8E9087A-E3A7-4974-8FE7-2A081AEFECB9}.Debug|Mixed Platforms.Deploy.0 = Debug|Android
		{F8E9087A-E3A7-4974-8FE7-2A081AEFECB9}.Debug|Windows Phone (Universal).ActiveCfg = Debug|Windows Phone (Universal)
		{F8E9087A-E3A7-4974-8FE7-2A081AEFECB9}.Debug|Windows Phone (Universal).Build.0 = Debug|Windows Phone (Universal)
		{F8E9087A-E3A7-4974-8FE7-2A081AEFECB9}.Debug|Windows Phone (Universal).Deploy.0 = Debug|Windows Phone (Universal)
		{F8E9087A-E3A7-4974-8FE7-2A081AEFECB9}.Debug|Windows Phone 8.ActiveCfg = Debug|Windows Phone 8
		{F8E9087A-E3A7-4974-8FE7-2A081AEFECB9}.Debug|Windows Phone 8.Build.0 = Debug|Windows Phone 8
		{F8E9087A-E3A7-4974-8FE7-2A081AEFECB9}.Debug|Windows Phone 8.Deploy.0 = Debug|Windows Phone 8
		{F8E9087A-E3A7-4974-8FE7-2A081AEFECB9}.Debug|Windows-AnyCPU.ActiveCfg = Debug|Windows-AnyCPU
		{F8E9087A-E3A7-4974-8FE7-2A081AEFECB9}.Debug|Windows-AnyCPU.Build.0 = Debug|Windows-AnyCPU
		{F8E9087A-E3A7-4974-8FE7-2A081AEFECB9}.Debug|Windows-AnyCPU.Deploy.0 = Debug|Windows-AnyCPU
		{F8E9087A-E3A7-4974-8FE7-2A081AEFECB9}.Debug|Windows-ARM.ActiveCfg = Debug|Windows-ARM
		{F8E9087A-E3A7-4974-8FE7-2A081AEFECB9}.Debug|Windows-ARM.Build.0 = Debug|Windows-ARM
		{F8E9087A-E3A7-4974-8FE7-2A081AEFECB9}.Debug|Windows-ARM.Deploy.0 = Debug|Windows-ARM
		{F8E9087A-E3A7-4974-8FE7-2A081AEFECB9}.Debug|Windows-x64.ActiveCfg = Debug|Windows-x64
		{F8E9087A-E3A7-4974-8FE7-2A081AEFECB9}.Debug|Windows-x64.Build.0 = Debug|Windows-x64
		{F8E9087A-E3A7-4974-8FE7-2A081AEFECB9}.Debug|Windows-x64.Deploy.0 = Debug|Windows-x64
		{F8E9087A-E3A7-4974-8FE7-2A081AEFECB9}.Debug|Windows-x86.ActiveCfg = Debug|Windows-x86
		{F8E9087A-E3A7-4974-8FE7-2A081AEFECB9}.Debug|Windows-x86.Build.0 = Debug|Windows-x86
		{F8E9087A-E3A7-4974-8FE7-2A081AEFECB9}.Debug|Windows-x86.Deploy.0 = Debug|Windows-x86
		{F8E9087A-E3A7-4974-8FE7-2A081AEFECB9}.Distribution|Android.ActiveCfg = Distribution|Android
		{F8E9087A-E3A7-4974-8FE7-2A081AEFECB9}.Distribution|Android.Build.0 = Distribution|Android
		{F8E9087A-E3A7-4974-8FE7-2A081AEFECB9}.Distribution|Android.Deploy.0 = Distribution|Android
		{F8E9087A-E3A7-4974-8FE7-2A081AEFECB9}.Distribution|Any CPU.ActiveCfg = Distribution|Android
		{F8E9087A-E3A7-4974-8FE7-2A081AEFECB9}.Distribution|iOS.ActiveCfg = Distribution|iOS
		{F8E9087A-E3A7-4974-8FE7-2A081AEFECB9}.Distribution|iOS.Build.0 = Distribution|iOS
		{F8E9087A-E3A7-4974-8FE7-2A081AEFECB9}.Distribution|iOS.Deploy.0 = Distribution|iOS
		{F8E9087A-E3A7-4974-8FE7-2A081AEFECB9}.Distribution|Mixed Platforms.ActiveCfg = Distribution|Windows Phone (Universal)
		{F8E9087A-E3A7-4974-8FE7-2A081AEFECB9}.Distribution|Mixed Platforms.Build.0 = Distribution|Windows Phone (Universal)
		{F8E9087A-E3A7-4974-8FE7-2A081AEFECB9}.Distribution|Mixed Platforms.Deploy.0 = Distribution|Windows Phone (Universal)
		{F8E9087A-E3A7-4974-8FE7-2A081AEFECB9}.Distribution|Windows Phone (Universal).ActiveCfg = Distribution|Windows Phone (Universal)
		{F8E9087A-E3A7-4974-8FE7-2A081AEFECB9}.Distribution|Windows Phone (Universal).Build.0 = Distribution|Windows Phone (Universal)
		{F8E9087A-E3A7-4974-8FE7-2A081AEFECB9}.Distribution|Windows Phone (Universal).Deploy.0 = Distribution|Windows Phone (Universal)
		{F8E9087A-E3A7-4974-8FE7-2A081AEFECB9}.Distribution|Windows Phone 8.ActiveCfg = Distribution|Windows Phone 8
		{F8E9087A-E3A7-4974-8FE7-2A081AEFECB9}.Distribution|Windows Phone 8.Build.0 = Distribution|Windows Phone 8
		{F8E9087A-E3A7-4974-8FE7-2A081AEFECB9}.Distribution|Windows Phone 8.Deploy.0 = Distribution|Windows Phone 8
		{F8E9087A-E3A7-4974-8FE7-2A081AEFECB9}.Distribution|Windows-AnyCPU.ActiveCfg = Distribution|Windows-AnyCPU
		{F8E9087A-E3A7-4974-8FE7-2A081AEFECB9}.Distribution|Windows-AnyCPU.Build.0 = Distribution|Windows-AnyCPU
		{F8E9087A-E3A7-4974-8FE7-2A081AEFECB9}.Distribution|Windows-AnyCPU.Deploy.0 = Distribution|Windows-AnyCPU
		{F8E9087A-E3A7-4974-8FE7-2A081AEFECB9}.Distribution|Windows-ARM.ActiveCfg = Distribution|Windows-ARM
		{F8E9087A-E3A7-4974-8FE7-2A081AEFECB9}.Distribution|Windows-ARM.Build.0 = Distribution|Windows-ARM
		{F8E9087A-E3A7-4974-8FE7-2A081AEFECB9}.Distribution|Windows-ARM.Deploy.0 = Distribution|Windows-ARM
		{F8E9087A-E3A7-4974-8FE7-2A081AEFECB9}.Distribution|Windows-x64.ActiveCfg = Distribution|Windows-x64
		{F8E9087A-E3A7-4974-8FE7-2A081AEFECB9}.Distribution|Windows-x64.Build.0 = Distribution|Windows-x64
		{F8E9087A-E3A7-4974-8FE7-2A081AEFECB9}.Distribution|Windows-x64.Deploy.0 = Distribution|Windows-x64
		{F8E9087A-E3A7-4974-8FE7-2A081AEFECB9}.Distribution|Windows-x86.ActiveCfg = Distribution|Windows-x86
		{F8E9087A-E3A7-4974-8FE7-2A081AEFECB9}.Distribution|Windows-x86.Build.0 = Distribution|Windows-x86
		{F8E9087A-E3A7-4974-8FE7-2A081AEFECB9}.Distribution|Windows-x86.Deploy.0 = Distribution|Windows-x86
		{F8E9087A-E3A7-4974-8FE7-2A081AEFECB9}.Release|Android.ActiveCfg = Release|Android
		{F8E9087A-E3A7-4974-8FE7-2A081AEFECB9}.Release|Android.Build.0 = Release|Android
		{F8E9087A-E3A7-4974-8FE7-2A081AEFECB9}.Release|Android.Deploy.0 = Release|Android
		{F8E9087A-E3A7-4974-8FE7-2A081AEFECB9}.Release|Any CPU.ActiveCfg = Release|Android
		{F8E9087A-E3A7-4974-8FE7-2A081AEFECB9}.Release|iOS.ActiveCfg = Release|iOS
		{F8E9087A-E3A7-4974-8FE7-2A081AEFECB9}.Release|iOS.Build.0 = Release|iOS
		{F8E9087A-E3A7-4974-8FE7-2A081AEFECB9}.Release|iOS.Deploy.0 = Release|iOS
		{F8E9087A-E3A7-4974-8FE7-2A081AEFECB9}.Release|Mixed Platforms.ActiveCfg = Release|Android
		{F8E9087A-E3A7-4974-8FE7-2A081AEFECB9}.Release|Mixed Platforms.Build.0 = Release|Android
		{F8E9087A-E3A7-4974-8FE7-2A081AEFECB9}.Release|Mixed Platforms.Deploy.0 = Release|Android
		{F8E9087A-E3A7-4974-8FE7-2A081AEFECB9}.Release|Windows Phone (Universal).ActiveCfg = Release|Windows Phone (Universal)
		{F8E9087A-E3A7-4974-8FE7-2A081AEFECB9}.Release|Windows Phone (Universal).Build.0 = Release|Windows Phone (Universal)
		{F8E9087A-E3A7-4974-8FE7-2A081AEFECB9}.Release|Windows Phone (Universal).Deploy.0 = Release|Windows Phone (Universal)
		{F8E9087A-E3A7-4974-8FE7-2A081AEFECB9}.Release|Windows Phone 8.ActiveCfg = Release|Windows Phone 8
		{F8E9087A-E3A7-4974-8FE7-2A081AEFECB9}.Release|Windows Phone 8.Build.0 = Release|Windows Phone 8
		{F8E9087A-E3A7-4974-8FE7-2A081AEFECB9}.Release|Windows Phone 8.Deploy.0 = Release|Windows Phone 8
		{F8E9087A-E3A7-4974-8FE7-2A081AEFECB9}.Release|Windows-AnyCPU.ActiveCfg = Release|Windows-AnyCPU
		{F8E9087A-E3A7-4974-8FE7-2A081AEFECB9}.Release|Windows-AnyCPU.Build.0 = Release|Windows-AnyCPU
		{F8E9087A-E3A7-4974-8FE7-2A081AEFECB9}.Release|Windows-AnyCPU.Deploy.0 = Release|Windows-AnyCPU
		{F8E9087A-E3A7-4974-8FE7-2A081AEFECB9}.Release|Windows-ARM.ActiveCfg = Release|Windows-ARM
		{F8E9087A-E3A7-4974-8FE7-2A081AEFECB9}.Release|Windows-ARM.Build.0 = Release|Windows-ARM
		{F8E9087A-E3A7-4974-8FE7-2A081AEFECB9}.Release|Windows-ARM.Deploy.0 = Release|Windows-ARM
		{F8E9087A-E3A7-4974-8FE7-2A081AEFECB9}.Release|Windows-x64.ActiveCfg = Release|Windows-x64
		{F8E9087A-E3A7-4974-8FE7-2A081AEFECB9}.Release|Windows-x64.Build.0 = Release|Windows-x64
		{F8E9087A-E3A7-4974-8FE7-2A081AEFECB9}.Release|Windows-x64.Deploy.0 = Release|Windows-x64
		{F8E9087A-E3A7-4974-8FE7-2A081AEFECB9}.Release|Windows-x86.ActiveCfg = Release|Windows-x86
		{F8E9087A-E3A7-4974-8FE7-2A081AEFECB9}.Release|Windows-x86.Build.0 = Release|Windows-x86
		{F8E9087A-E3A7-4974-8FE7-2A081AEFECB9}.Release|Windows-x86.Deploy.0 = Release|Windows-x86
	EndGlobalSection
	GlobalSection(SolutionProperties) = preSolution
		HideSolutionNode = FALSE
	EndGlobalSection
EndGlobal
